
Microsoft Visual Studio Solution File, Format Version 12.00
# Visual Studio Version 16
VisualStudioVersion = 16.0.30523.141
MinimumVisualStudioVersion = 10.0.40219.1
Project("{FAE04EC0-301F-11D3-BF4B-00C04F79EFBC}") = "BTH_Windows_TTSV", "BTH_Windows_TTSV\BTH_Windows_TTSV.csproj", "{1E2471E4-AE3E-43BE-98A0-AAC9DFBA6637}"
EndProject
Global
	GlobalSection(SolutionConfigurationPlatforms) = preSolution
		Debug|Any CPU = Debug|Any CPU
		Release|Any CPU = Release|Any CPU
	EndGlobalSection
	GlobalSection(ProjectConfigurationPlatforms) = postSolution
		{1E2471E4-AE3E-43BE-98A0-AAC9DFBA6637}.Debug|Any CPU.ActiveCfg = Debug|Any CPU
		{1E2471E4-AE3E-43BE-98A0-AAC9DFBA6637}.Debug|Any CPU.Build.0 = Debug|Any CPU
		{1E2471E4-AE3E-43BE-98A0-AAC9DFBA6637}.Release|Any CPU.ActiveCfg = Release|Any CPU
		{1E2471E4-AE3E-43BE-98A0-AAC9DFBA6637}.Release|Any CPU.Build.0 = Release|Any CPU
	EndGlobalSection
	GlobalSection(SolutionProperties) = preSolution
		HideSolutionNode = FALSE
	EndGlobalSection
	GlobalSection(ExtensibilityGlobals) = postSolution
		SolutionGuid = {758C5AEA-B554-4BB3-87CC-4F68C9D270F5}
	EndGlobalSection
EndGlobal
